
Microsoft Visual Studio Solution File, Format Version 12.00
# Visual Studio 2012
Project("{FAE04EC0-301F-11D3-BF4B-00C04F79EFBC}") = "LandingPageAnimation", "LandingPageAnimation\LandingPageAnimation.csproj", "{3D49128D-2126-45DE-8C5F-6CB16C66D622}"
EndProject
Project("{FAE04EC0-301F-11D3-BF4B-00C04F79EFBC}") = "Sample", "Sample\Sample.csproj", "{58F9851C-39B7-475F-945A-06B91B42E2DB}"
EndProject
Global
	GlobalSection(SolutionConfigurationPlatforms) = preSolution
		Debug|Any CPU = Debug|Any CPU
		Release|Any CPU = Release|Any CPU
		Debug|iPhoneSimulator = Debug|iPhoneSimulator
		Release|iPhone = Release|iPhone
		Release|iPhoneSimulator = Release|iPhoneSimulator
		Debug|iPhone = Debug|iPhone
	EndGlobalSection
	GlobalSection(ProjectConfigurationPlatforms) = postSolution
		{3D49128D-2126-45DE-8C5F-6CB16C66D622}.Debug|Any CPU.ActiveCfg = Debug|Any CPU
		{3D49128D-2126-45DE-8C5F-6CB16C66D622}.Debug|Any CPU.Build.0 = Debug|Any CPU
		{3D49128D-2126-45DE-8C5F-6CB16C66D622}.Release|Any CPU.ActiveCfg = Release|Any CPU
		{3D49128D-2126-45DE-8C5F-6CB16C66D622}.Release|Any CPU.Build.0 = Release|Any CPU
		{3D49128D-2126-45DE-8C5F-6CB16C66D622}.Debug|iPhoneSimulator.ActiveCfg = Debug|Any CPU
		{3D49128D-2126-45DE-8C5F-6CB16C66D622}.Debug|iPhoneSimulator.Build.0 = Debug|Any CPU
		{3D49128D-2126-45DE-8C5F-6CB16C66D622}.Release|iPhone.ActiveCfg = Release|Any CPU
		{3D49128D-2126-45DE-8C5F-6CB16C66D622}.Release|iPhone.Build.0 = Release|Any CPU
		{3D49128D-2126-45DE-8C5F-6CB16C66D622}.Release|iPhoneSimulator.ActiveCfg = Release|Any CPU
		{3D49128D-2126-45DE-8C5F-6CB16C66D622}.Release|iPhoneSimulator.Build.0 = Release|Any CPU
		{3D49128D-2126-45DE-8C5F-6CB16C66D622}.Debug|iPhone.ActiveCfg = Debug|Any CPU
		{3D49128D-2126-45DE-8C5F-6CB16C66D622}.Debug|iPhone.Build.0 = Debug|Any CPU
		{58F9851C-39B7-475F-945A-06B91B42E2DB}.Debug|Any CPU.ActiveCfg = Debug|iPhoneSimulator
		{58F9851C-39B7-475F-945A-06B91B42E2DB}.Debug|Any CPU.Build.0 = Debug|iPhoneSimulator
		{58F9851C-39B7-475F-945A-06B91B42E2DB}.Release|Any CPU.ActiveCfg = Release|iPhone
		{58F9851C-39B7-475F-945A-06B91B42E2DB}.Release|Any CPU.Build.0 = Release|iPhone
		{58F9851C-39B7-475F-945A-06B91B42E2DB}.Debug|iPhoneSimulator.ActiveCfg = Debug|iPhoneSimulator
		{58F9851C-39B7-475F-945A-06B91B42E2DB}.Debug|iPhoneSimulator.Build.0 = Debug|iPhoneSimulator
		{58F9851C-39B7-475F-945A-06B91B42E2DB}.Release|iPhone.ActiveCfg = Release|iPhone
		{58F9851C-39B7-475F-945A-06B91B42E2DB}.Release|iPhone.Build.0 = Release|iPhone
		{58F9851C-39B7-475F-945A-06B91B42E2DB}.Release|iPhoneSimulator.ActiveCfg = Release|iPhoneSimulator
		{58F9851C-39B7-475F-945A-06B91B42E2DB}.Release|iPhoneSimulator.Build.0 = Release|iPhoneSimulator
		{58F9851C-39B7-475F-945A-06B91B42E2DB}.Debug|iPhone.ActiveCfg = Debug|iPhone
		{58F9851C-39B7-475F-945A-06B91B42E2DB}.Debug|iPhone.Build.0 = Debug|iPhone
	EndGlobalSection
EndGlobal
